
Microsoft Visual Studio Solution File, Format Version 12.00
# Visual Studio Version 17
VisualStudioVersion = 17.8.34511.84
MinimumVisualStudioVersion = 10.0.40219.1
Project("{FAE04EC0-301F-11D3-BF4B-00C04F79EFBC}") = "DoorSystem", "DoorSystem\DoorSystem.csproj", "{0EDA2776-422A-48F5-85F5-3946A1089F02}"
EndProject
Project("{FAE04EC0-301F-11D3-BF4B-00C04F79EFBC}") = "Zeiss.DoorSystemLib", "Zeiss.DoorSystemLib\Zeiss.DoorSystemLib.csproj", "{DE1148F4-6555-4F26-A5D3-782940736099}"
EndProject
Global
	GlobalSection(SolutionConfigurationPlatforms) = preSolution
		Debug|Any CPU = Debug|Any CPU
		Release|Any CPU = Release|Any CPU
	EndGlobalSection
	GlobalSection(ProjectConfigurationPlatforms) = postSolution
		{0EDA2776-422A-48F5-85F5-3946A1089F02}.Debug|Any CPU.ActiveCfg = Debug|Any CPU
		{0EDA2776-422A-48F5-85F5-3946A1089F02}.Debug|Any CPU.Build.0 = Debug|Any CPU
		{0EDA2776-422A-48F5-85F5-3946A1089F02}.Release|Any CPU.ActiveCfg = Release|Any CPU
		{0EDA2776-422A-48F5-85F5-3946A1089F02}.Release|Any CPU.Build.0 = Release|Any CPU
		{DE1148F4-6555-4F26-A5D3-782940736099}.Debug|Any CPU.ActiveCfg = Debug|Any CPU
		{DE1148F4-6555-4F26-A5D3-782940736099}.Debug|Any CPU.Build.0 = Debug|Any CPU
		{DE1148F4-6555-4F26-A5D3-782940736099}.Release|Any CPU.ActiveCfg = Release|Any CPU
		{DE1148F4-6555-4F26-A5D3-782940736099}.Release|Any CPU.Build.0 = Release|Any CPU
	EndGlobalSection
	GlobalSection(SolutionProperties) = preSolution
		HideSolutionNode = FALSE
	EndGlobalSection
	GlobalSection(ExtensibilityGlobals) = postSolution
		SolutionGuid = {AC43D909-83B7-4CD4-95CA-9F3BB9BDE45B}
	EndGlobalSection
EndGlobal
